
Microsoft Visual Studio Solution File, Format Version 12.00
# Visual Studio Version 17
VisualStudioVersion = 17.7.34018.315
MinimumVisualStudioVersion = 10.0.40219.1
Project("{FAE04EC0-301F-11D3-BF4B-00C04F79EFBC}") = "ACT7_COURSE_ADAM6TI", "ACT7_COURSE_ADAM6TI\ACT7_COURSE_ADAM6TI.csproj", "{CBFEC4AA-41D2-4689-8175-A961719EF09C}"
EndProject
Global
	GlobalSection(SolutionConfigurationPlatforms) = preSolution
		Debug|Any CPU = Debug|Any CPU
		Release|Any CPU = Release|Any CPU
	EndGlobalSection
	GlobalSection(ProjectConfigurationPlatforms) = postSolution
		{CBFEC4AA-41D2-4689-8175-A961719EF09C}.Debug|Any CPU.ActiveCfg = Debug|Any CPU
		{CBFEC4AA-41D2-4689-8175-A961719EF09C}.Debug|Any CPU.Build.0 = Debug|Any CPU
		{CBFEC4AA-41D2-4689-8175-A961719EF09C}.Release|Any CPU.ActiveCfg = Release|Any CPU
		{CBFEC4AA-41D2-4689-8175-A961719EF09C}.Release|Any CPU.Build.0 = Release|Any CPU
	EndGlobalSection
	GlobalSection(SolutionProperties) = preSolution
		HideSolutionNode = FALSE
	EndGlobalSection
	GlobalSection(ExtensibilityGlobals) = postSolution
		SolutionGuid = {2FDFF9A4-D686-4727-B78B-D542DC6DA3C8}
	EndGlobalSection
EndGlobal
